<Solution>
  <Folder Name="/DataCollection/">
    <Project Path="src/Rcm.DataCollection.Api/Rcm.DataCollection.Api.csproj" />
    <Project Path="src/Rcm.DataCollection/Rcm.DataCollection.csproj" />
  </Folder>
  <Folder Name="/Sensors/">
    <Project Path="src/Rcm.I2c/Rcm.I2c.csproj" />
    <Project Path="src/Rcm.Sensors.Bme280/Rcm.Sensors.Bme280.csproj" />
    <Project Path="src/Rcm.Sensors.Abstractions/Rcm.Sensors.Abstractions.csproj" />
    <Project Path="src/Rcm.Sensors.Fakes/Rcm.Sensors.Fakes.csproj" />
  </Folder>
  <Folder Name="/Solution Items/">
    <File Path=".editorconfig" />
    <File Path=".gitignore" />
    <File Path="azure-pipelines.yml" />
    <File Path="Directory.Build.props" />
    <File Path="Directory.Packages.props" />
    <File Path="LICENSE" />
    <File Path="README.md" />
  </Folder>
  <Project Path="src/Rcm.UnitTests/Rcm.UnitTests.csproj" />
  <Project Path="src/Rcm.Services/Rcm.Services.csproj" />
  <Project Path="src/Rcm.Testing/Rcm.Testing.csproj" />
  <Project Path="src/Rcm.Common/Rcm.Common.csproj" />
  <Project Path="src/Rcm.Web/Rcm.Web.csproj" />
</Solution>
