
Microsoft Visual Studio Solution File, Format Version 12.00
# Visual Studio Version 16
VisualStudioVersion = 16.0.28531.58
MinimumVisualStudioVersion = 10.0.40219.1
Project("{9A19103F-16F7-4668-BE54-9A1E7A4F7556}") = "Rcm.Web", "src\Rcm.Web\Rcm.Web.csproj", "{A5F9D1D0-C963-4650-A5E9-955CF679F03F}"
EndProject
Project("{9A19103F-16F7-4668-BE54-9A1E7A4F7556}") = "Rcm.Bme280", "src\Rcm.Bme280\Rcm.Bme280.csproj", "{0E88CD9B-A30E-40FD-BE7D-6307E8A1840C}"
EndProject
Project("{9A19103F-16F7-4668-BE54-9A1E7A4F7556}") = "Rcm.Measurement.Api", "src\Rcm.Measurement.Api\Rcm.Measurement.Api.csproj", "{7F17B05C-DFFB-42EA-8E21-5A7E5237BDC2}"
EndProject
Project("{9A19103F-16F7-4668-BE54-9A1E7A4F7556}") = "Rcm.I2c", "src\Rcm.I2c\Rcm.I2c.csproj", "{F0FC83A8-8379-4DA2-9E88-4F4EF3AE54BF}"
EndProject
Project("{9A19103F-16F7-4668-BE54-9A1E7A4F7556}") = "Rcm.Bme280.UnitTests", "src\Rcm.Bme280.UnitTests\Rcm.Bme280.UnitTests.csproj", "{C9F52BDC-B8D0-4B39-912C-87BF870F6D28}"
EndProject
Project("{9A19103F-16F7-4668-BE54-9A1E7A4F7556}") = "Rcm.Measurement.Stubs", "src\Rcm.Measurement.Stubs\Rcm.Measurement.Stubs.csproj", "{254C8931-010C-4375-A87D-B10D3BC64CFD}"
EndProject
Project("{9A19103F-16F7-4668-BE54-9A1E7A4F7556}") = "Rcm.Common", "src\Rcm.Common\Rcm.Common.csproj", "{EB1E7FED-74F3-4E06-90C6-E3BB193FF83A}"
EndProject
Project("{2150E333-8FDC-42A3-9474-1A3956D46DE8}") = "Measurements", "Measurements", "{AA6975CE-88E1-4D55-AA40-F9880CEB61F0}"
EndProject
Project("{2150E333-8FDC-42A3-9474-1A3956D46DE8}") = "DataCollection", "DataCollection", "{FC3A186F-299A-49D1-96E2-F761BDEA3682}"
EndProject
Project("{9A19103F-16F7-4668-BE54-9A1E7A4F7556}") = "Rcm.DataCollection.Api", "src\Rcm.DataCollection.Api\Rcm.DataCollection.Api.csproj", "{28309CE3-A31E-4668-B035-04EA6FF5BB26}"
EndProject
Project("{9A19103F-16F7-4668-BE54-9A1E7A4F7556}") = "Rcm.DataCollection", "src\Rcm.DataCollection\Rcm.DataCollection.csproj", "{1A78C8B8-45EB-4A7A-AEE0-936E60B7E06D}"
EndProject
Project("{9A19103F-16F7-4668-BE54-9A1E7A4F7556}") = "Rcm.DataCollection.UnitTests", "src\Rcm.DataCollection.UnitTests\Rcm.DataCollection.UnitTests.csproj", "{97518401-C08A-494C-9024-203703397A37}"
EndProject
Project("{2150E333-8FDC-42A3-9474-1A3956D46DE8}") = "Common", "Common", "{B22B8FEC-3D43-4EFA-B198-0D8EADBFB0D2}"
EndProject
Project("{9A19103F-16F7-4668-BE54-9A1E7A4F7556}") = "Rcm.TestDoubles", "src\Rcm.TestDoubles\Rcm.TestDoubles.csproj", "{517E5BB0-2FF8-4582-A80B-33D91B464551}"
EndProject
Project("{2150E333-8FDC-42A3-9474-1A3956D46DE8}") = "Aggregates", "Aggregates", "{FEA048C8-224E-4FBF-8A28-DC8CA46E5792}"
EndProject
Project("{9A19103F-16F7-4668-BE54-9A1E7A4F7556}") = "Rcm.Aggregates", "src\Rcm.Aggregates\Rcm.Aggregates.csproj", "{1A15F655-8988-4D96-8EAB-0601E673C600}"
EndProject
Project("{9A19103F-16F7-4668-BE54-9A1E7A4F7556}") = "Rcm.Aggregates.Api", "src\Rcm.Aggregates.Api\Rcm.Aggregates.Api.csproj", "{12F0F9D1-C57C-481A-B9A6-88B878EB1E15}"
EndProject
Project("{9A19103F-16F7-4668-BE54-9A1E7A4F7556}") = "Rcm.Aggregates.UnitTests", "src\Rcm.Aggregates.UnitTests\Rcm.Aggregates.UnitTests.csproj", "{136D1929-EC18-4848-A371-9463553FBAC2}"
EndProject
Project("{2150E333-8FDC-42A3-9474-1A3956D46DE8}") = "Connectivity", "Connectivity", "{29941A6E-533B-4F99-941F-A497F64E6982}"
EndProject
Project("{9A19103F-16F7-4668-BE54-9A1E7A4F7556}") = "Rcm.Connector.Api", "src\Rcm.Connector.Api\Rcm.Connector.Api.csproj", "{154EB859-99F3-461D-B646-521F74DE15F6}"
EndProject
Project("{2150E333-8FDC-42A3-9474-1A3956D46DE8}") = "Device", "Device", "{5052BF6E-2B11-4278-8FC8-C35FBCA240EF}"
EndProject
Project("{2150E333-8FDC-42A3-9474-1A3956D46DE8}") = "Backend", "Backend", "{797FE663-3D9A-425B-A6C2-B98998AD398F}"
EndProject
Project("{9A19103F-16F7-4668-BE54-9A1E7A4F7556}") = "Rcm.Backend.Device", "src\Rcm.Backend.Device\Rcm.Backend.Device.csproj", "{AAEB8BF7-C076-4452-9FCF-CF656D33C554}"
EndProject
Project("{2150E333-8FDC-42A3-9474-1A3956D46DE8}") = "Solution Items", "Solution Items", "{C9C45C9D-054E-4449-9426-282D02499F1E}"
	ProjectSection(SolutionItems) = preProject
		.gitignore = .gitignore
		azure-pipelines.yml = azure-pipelines.yml
		LICENSE = LICENSE
		README.md = README.md
	EndProjectSection
EndProject
Project("{9A19103F-16F7-4668-BE54-9A1E7A4F7556}") = "Rcm.Backend.Device.Api", "src\Rcm.Backend.Device.Api\Rcm.Backend.Device.Api.csproj", "{6BF9A2F1-980D-4359-9017-D3E6C6FF26BF}"
EndProject
Project("{9A19103F-16F7-4668-BE54-9A1E7A4F7556}") = "Rcm.Backend.Persistence", "src\Rcm.Backend.Persistence\Rcm.Backend.Persistence.csproj", "{5FE66931-130F-4157-89EB-155A38C093B3}"
EndProject
Project("{9A19103F-16F7-4668-BE54-9A1E7A4F7556}") = "Rcm.Backend.Common", "src\Rcm.Backend.Common\Rcm.Backend.Common.csproj", "{2A50BB6B-6203-492B-A954-D793BAFD8B10}"
EndProject
Project("{9A19103F-16F7-4668-BE54-9A1E7A4F7556}") = "Rcm.Backend.Web.Server", "src\Rcm.Backend.Web.Server\Rcm.Backend.Web.Server.csproj", "{808B53D9-36CA-4489-AAF4-9B391C04909E}"
EndProject
Project("{9A19103F-16F7-4668-BE54-9A1E7A4F7556}") = "Rcm.Connector", "src\Rcm.Connector\Rcm.Connector.csproj", "{02CF50DB-2C14-4EF7-81EF-D89B383A231E}"
EndProject
Project("{9A19103F-16F7-4668-BE54-9A1E7A4F7556}") = "Rcm.Connector.Tests", "src\Rcm.Connector.Tests\Rcm.Connector.Tests.csproj", "{82982389-7807-411B-A8A6-10C979BD6428}"
EndProject
Project("{9A19103F-16F7-4668-BE54-9A1E7A4F7556}") = "Rcm.Device.Common", "src\Rcm.Device.Common\Rcm.Device.Common.csproj", "{0C492F08-7950-40C4-8977-6046AA6D6C6C}"
EndProject
Project("{9A19103F-16F7-4668-BE54-9A1E7A4F7556}") = "Rcm.TestFramework", "src\Rcm.TestFramework\Rcm.TestFramework.csproj", "{52C70BE9-E3B9-406F-8FFD-36C66E819D33}"
EndProject
Project("{9A19103F-16F7-4668-BE54-9A1E7A4F7556}") = "Rcm.Web.Tests", "src\Rcm.Web.Tests\Rcm.Web.Tests.csproj", "{7F82CC2A-F7E7-4354-8E8F-51FF32DF518A}"
EndProject
Project("{9A19103F-16F7-4668-BE54-9A1E7A4F7556}") = "Rcm.Common.TestDoubles.Tests", "src\Rcm.Common.TestDoubles.Tests\Rcm.Common.TestDoubles.Tests.csproj", "{16F4D2F2-E6C9-462C-93F4-8DEB7E104C0A}"
EndProject
Global
	GlobalSection(SolutionConfigurationPlatforms) = preSolution
		Debug|Any CPU = Debug|Any CPU
		Release|Any CPU = Release|Any CPU
	EndGlobalSection
	GlobalSection(ProjectConfigurationPlatforms) = postSolution
		{A5F9D1D0-C963-4650-A5E9-955CF679F03F}.Debug|Any CPU.ActiveCfg = Debug|Any CPU
		{A5F9D1D0-C963-4650-A5E9-955CF679F03F}.Debug|Any CPU.Build.0 = Debug|Any CPU
		{A5F9D1D0-C963-4650-A5E9-955CF679F03F}.Release|Any CPU.ActiveCfg = Release|Any CPU
		{A5F9D1D0-C963-4650-A5E9-955CF679F03F}.Release|Any CPU.Build.0 = Release|Any CPU
		{0E88CD9B-A30E-40FD-BE7D-6307E8A1840C}.Debug|Any CPU.ActiveCfg = Debug|Any CPU
		{0E88CD9B-A30E-40FD-BE7D-6307E8A1840C}.Debug|Any CPU.Build.0 = Debug|Any CPU
		{0E88CD9B-A30E-40FD-BE7D-6307E8A1840C}.Release|Any CPU.ActiveCfg = Release|Any CPU
		{0E88CD9B-A30E-40FD-BE7D-6307E8A1840C}.Release|Any CPU.Build.0 = Release|Any CPU
		{7F17B05C-DFFB-42EA-8E21-5A7E5237BDC2}.Debug|Any CPU.ActiveCfg = Debug|Any CPU
		{7F17B05C-DFFB-42EA-8E21-5A7E5237BDC2}.Debug|Any CPU.Build.0 = Debug|Any CPU
		{7F17B05C-DFFB-42EA-8E21-5A7E5237BDC2}.Release|Any CPU.ActiveCfg = Release|Any CPU
		{7F17B05C-DFFB-42EA-8E21-5A7E5237BDC2}.Release|Any CPU.Build.0 = Release|Any CPU
		{F0FC83A8-8379-4DA2-9E88-4F4EF3AE54BF}.Debug|Any CPU.ActiveCfg = Debug|Any CPU
		{F0FC83A8-8379-4DA2-9E88-4F4EF3AE54BF}.Debug|Any CPU.Build.0 = Debug|Any CPU
		{F0FC83A8-8379-4DA2-9E88-4F4EF3AE54BF}.Release|Any CPU.ActiveCfg = Release|Any CPU
		{F0FC83A8-8379-4DA2-9E88-4F4EF3AE54BF}.Release|Any CPU.Build.0 = Release|Any CPU
		{C9F52BDC-B8D0-4B39-912C-87BF870F6D28}.Debug|Any CPU.ActiveCfg = Debug|Any CPU
		{C9F52BDC-B8D0-4B39-912C-87BF870F6D28}.Debug|Any CPU.Build.0 = Debug|Any CPU
		{C9F52BDC-B8D0-4B39-912C-87BF870F6D28}.Release|Any CPU.ActiveCfg = Release|Any CPU
		{C9F52BDC-B8D0-4B39-912C-87BF870F6D28}.Release|Any CPU.Build.0 = Release|Any CPU
		{254C8931-010C-4375-A87D-B10D3BC64CFD}.Debug|Any CPU.ActiveCfg = Debug|Any CPU
		{254C8931-010C-4375-A87D-B10D3BC64CFD}.Debug|Any CPU.Build.0 = Debug|Any CPU
		{254C8931-010C-4375-A87D-B10D3BC64CFD}.Release|Any CPU.ActiveCfg = Release|Any CPU
		{254C8931-010C-4375-A87D-B10D3BC64CFD}.Release|Any CPU.Build.0 = Release|Any CPU
		{EB1E7FED-74F3-4E06-90C6-E3BB193FF83A}.Debug|Any CPU.ActiveCfg = Debug|Any CPU
		{EB1E7FED-74F3-4E06-90C6-E3BB193FF83A}.Debug|Any CPU.Build.0 = Debug|Any CPU
		{EB1E7FED-74F3-4E06-90C6-E3BB193FF83A}.Release|Any CPU.ActiveCfg = Release|Any CPU
		{EB1E7FED-74F3-4E06-90C6-E3BB193FF83A}.Release|Any CPU.Build.0 = Release|Any CPU
		{28309CE3-A31E-4668-B035-04EA6FF5BB26}.Debug|Any CPU.ActiveCfg = Debug|Any CPU
		{28309CE3-A31E-4668-B035-04EA6FF5BB26}.Debug|Any CPU.Build.0 = Debug|Any CPU
		{28309CE3-A31E-4668-B035-04EA6FF5BB26}.Release|Any CPU.ActiveCfg = Release|Any CPU
		{28309CE3-A31E-4668-B035-04EA6FF5BB26}.Release|Any CPU.Build.0 = Release|Any CPU
		{1A78C8B8-45EB-4A7A-AEE0-936E60B7E06D}.Debug|Any CPU.ActiveCfg = Debug|Any CPU
		{1A78C8B8-45EB-4A7A-AEE0-936E60B7E06D}.Debug|Any CPU.Build.0 = Debug|Any CPU
		{1A78C8B8-45EB-4A7A-AEE0-936E60B7E06D}.Release|Any CPU.ActiveCfg = Release|Any CPU
		{1A78C8B8-45EB-4A7A-AEE0-936E60B7E06D}.Release|Any CPU.Build.0 = Release|Any CPU
		{97518401-C08A-494C-9024-203703397A37}.Debug|Any CPU.ActiveCfg = Debug|Any CPU
		{97518401-C08A-494C-9024-203703397A37}.Debug|Any CPU.Build.0 = Debug|Any CPU
		{97518401-C08A-494C-9024-203703397A37}.Release|Any CPU.ActiveCfg = Release|Any CPU
		{97518401-C08A-494C-9024-203703397A37}.Release|Any CPU.Build.0 = Release|Any CPU
		{517E5BB0-2FF8-4582-A80B-33D91B464551}.Debug|Any CPU.ActiveCfg = Debug|Any CPU
		{517E5BB0-2FF8-4582-A80B-33D91B464551}.Debug|Any CPU.Build.0 = Debug|Any CPU
		{517E5BB0-2FF8-4582-A80B-33D91B464551}.Release|Any CPU.ActiveCfg = Release|Any CPU
		{517E5BB0-2FF8-4582-A80B-33D91B464551}.Release|Any CPU.Build.0 = Release|Any CPU
		{1A15F655-8988-4D96-8EAB-0601E673C600}.Debug|Any CPU.ActiveCfg = Debug|Any CPU
		{1A15F655-8988-4D96-8EAB-0601E673C600}.Debug|Any CPU.Build.0 = Debug|Any CPU
		{1A15F655-8988-4D96-8EAB-0601E673C600}.Release|Any CPU.ActiveCfg = Release|Any CPU
		{1A15F655-8988-4D96-8EAB-0601E673C600}.Release|Any CPU.Build.0 = Release|Any CPU
		{12F0F9D1-C57C-481A-B9A6-88B878EB1E15}.Debug|Any CPU.ActiveCfg = Debug|Any CPU
		{12F0F9D1-C57C-481A-B9A6-88B878EB1E15}.Debug|Any CPU.Build.0 = Debug|Any CPU
		{12F0F9D1-C57C-481A-B9A6-88B878EB1E15}.Release|Any CPU.ActiveCfg = Release|Any CPU
		{12F0F9D1-C57C-481A-B9A6-88B878EB1E15}.Release|Any CPU.Build.0 = Release|Any CPU
		{136D1929-EC18-4848-A371-9463553FBAC2}.Debug|Any CPU.ActiveCfg = Debug|Any CPU
		{136D1929-EC18-4848-A371-9463553FBAC2}.Debug|Any CPU.Build.0 = Debug|Any CPU
		{136D1929-EC18-4848-A371-9463553FBAC2}.Release|Any CPU.ActiveCfg = Release|Any CPU
		{136D1929-EC18-4848-A371-9463553FBAC2}.Release|Any CPU.Build.0 = Release|Any CPU
		{154EB859-99F3-461D-B646-521F74DE15F6}.Debug|Any CPU.ActiveCfg = Debug|Any CPU
		{154EB859-99F3-461D-B646-521F74DE15F6}.Debug|Any CPU.Build.0 = Debug|Any CPU
		{154EB859-99F3-461D-B646-521F74DE15F6}.Release|Any CPU.ActiveCfg = Release|Any CPU
		{154EB859-99F3-461D-B646-521F74DE15F6}.Release|Any CPU.Build.0 = Release|Any CPU
		{AAEB8BF7-C076-4452-9FCF-CF656D33C554}.Debug|Any CPU.ActiveCfg = Debug|Any CPU
		{AAEB8BF7-C076-4452-9FCF-CF656D33C554}.Debug|Any CPU.Build.0 = Debug|Any CPU
		{AAEB8BF7-C076-4452-9FCF-CF656D33C554}.Release|Any CPU.ActiveCfg = Release|Any CPU
		{AAEB8BF7-C076-4452-9FCF-CF656D33C554}.Release|Any CPU.Build.0 = Release|Any CPU
		{6BF9A2F1-980D-4359-9017-D3E6C6FF26BF}.Debug|Any CPU.ActiveCfg = Debug|Any CPU
		{6BF9A2F1-980D-4359-9017-D3E6C6FF26BF}.Debug|Any CPU.Build.0 = Debug|Any CPU
		{6BF9A2F1-980D-4359-9017-D3E6C6FF26BF}.Release|Any CPU.ActiveCfg = Release|Any CPU
		{6BF9A2F1-980D-4359-9017-D3E6C6FF26BF}.Release|Any CPU.Build.0 = Release|Any CPU
		{5FE66931-130F-4157-89EB-155A38C093B3}.Debug|Any CPU.ActiveCfg = Debug|Any CPU
		{5FE66931-130F-4157-89EB-155A38C093B3}.Debug|Any CPU.Build.0 = Debug|Any CPU
		{5FE66931-130F-4157-89EB-155A38C093B3}.Release|Any CPU.ActiveCfg = Release|Any CPU
		{5FE66931-130F-4157-89EB-155A38C093B3}.Release|Any CPU.Build.0 = Release|Any CPU
		{2A50BB6B-6203-492B-A954-D793BAFD8B10}.Debug|Any CPU.ActiveCfg = Debug|Any CPU
		{2A50BB6B-6203-492B-A954-D793BAFD8B10}.Debug|Any CPU.Build.0 = Debug|Any CPU
		{2A50BB6B-6203-492B-A954-D793BAFD8B10}.Release|Any CPU.ActiveCfg = Release|Any CPU
		{2A50BB6B-6203-492B-A954-D793BAFD8B10}.Release|Any CPU.Build.0 = Release|Any CPU
		{808B53D9-36CA-4489-AAF4-9B391C04909E}.Debug|Any CPU.ActiveCfg = Debug|Any CPU
		{808B53D9-36CA-4489-AAF4-9B391C04909E}.Debug|Any CPU.Build.0 = Debug|Any CPU
		{808B53D9-36CA-4489-AAF4-9B391C04909E}.Release|Any CPU.ActiveCfg = Release|Any CPU
		{808B53D9-36CA-4489-AAF4-9B391C04909E}.Release|Any CPU.Build.0 = Release|Any CPU
		{02CF50DB-2C14-4EF7-81EF-D89B383A231E}.Debug|Any CPU.ActiveCfg = Debug|Any CPU
		{02CF50DB-2C14-4EF7-81EF-D89B383A231E}.Debug|Any CPU.Build.0 = Debug|Any CPU
		{02CF50DB-2C14-4EF7-81EF-D89B383A231E}.Release|Any CPU.ActiveCfg = Release|Any CPU
		{02CF50DB-2C14-4EF7-81EF-D89B383A231E}.Release|Any CPU.Build.0 = Release|Any CPU
		{82982389-7807-411B-A8A6-10C979BD6428}.Debug|Any CPU.ActiveCfg = Debug|Any CPU
		{82982389-7807-411B-A8A6-10C979BD6428}.Debug|Any CPU.Build.0 = Debug|Any CPU
		{82982389-7807-411B-A8A6-10C979BD6428}.Release|Any CPU.ActiveCfg = Release|Any CPU
		{82982389-7807-411B-A8A6-10C979BD6428}.Release|Any CPU.Build.0 = Release|Any CPU
		{0C492F08-7950-40C4-8977-6046AA6D6C6C}.Debug|Any CPU.ActiveCfg = Debug|Any CPU
		{0C492F08-7950-40C4-8977-6046AA6D6C6C}.Debug|Any CPU.Build.0 = Debug|Any CPU
		{0C492F08-7950-40C4-8977-6046AA6D6C6C}.Release|Any CPU.ActiveCfg = Release|Any CPU
		{0C492F08-7950-40C4-8977-6046AA6D6C6C}.Release|Any CPU.Build.0 = Release|Any CPU
		{52C70BE9-E3B9-406F-8FFD-36C66E819D33}.Debug|Any CPU.ActiveCfg = Debug|Any CPU
		{52C70BE9-E3B9-406F-8FFD-36C66E819D33}.Debug|Any CPU.Build.0 = Debug|Any CPU
		{52C70BE9-E3B9-406F-8FFD-36C66E819D33}.Release|Any CPU.ActiveCfg = Release|Any CPU
		{52C70BE9-E3B9-406F-8FFD-36C66E819D33}.Release|Any CPU.Build.0 = Release|Any CPU
		{7F82CC2A-F7E7-4354-8E8F-51FF32DF518A}.Debug|Any CPU.ActiveCfg = Debug|Any CPU
		{7F82CC2A-F7E7-4354-8E8F-51FF32DF518A}.Debug|Any CPU.Build.0 = Debug|Any CPU
		{7F82CC2A-F7E7-4354-8E8F-51FF32DF518A}.Release|Any CPU.ActiveCfg = Release|Any CPU
		{7F82CC2A-F7E7-4354-8E8F-51FF32DF518A}.Release|Any CPU.Build.0 = Release|Any CPU
		{16F4D2F2-E6C9-462C-93F4-8DEB7E104C0A}.Debug|Any CPU.ActiveCfg = Debug|Any CPU
		{16F4D2F2-E6C9-462C-93F4-8DEB7E104C0A}.Debug|Any CPU.Build.0 = Debug|Any CPU
		{16F4D2F2-E6C9-462C-93F4-8DEB7E104C0A}.Release|Any CPU.ActiveCfg = Release|Any CPU
		{16F4D2F2-E6C9-462C-93F4-8DEB7E104C0A}.Release|Any CPU.Build.0 = Release|Any CPU
	EndGlobalSection
	GlobalSection(SolutionProperties) = preSolution
		HideSolutionNode = FALSE
	EndGlobalSection
	GlobalSection(NestedProjects) = preSolution
		{A5F9D1D0-C963-4650-A5E9-955CF679F03F} = {5052BF6E-2B11-4278-8FC8-C35FBCA240EF}
		{0E88CD9B-A30E-40FD-BE7D-6307E8A1840C} = {AA6975CE-88E1-4D55-AA40-F9880CEB61F0}
		{7F17B05C-DFFB-42EA-8E21-5A7E5237BDC2} = {AA6975CE-88E1-4D55-AA40-F9880CEB61F0}
		{F0FC83A8-8379-4DA2-9E88-4F4EF3AE54BF} = {AA6975CE-88E1-4D55-AA40-F9880CEB61F0}
		{C9F52BDC-B8D0-4B39-912C-87BF870F6D28} = {AA6975CE-88E1-4D55-AA40-F9880CEB61F0}
		{254C8931-010C-4375-A87D-B10D3BC64CFD} = {AA6975CE-88E1-4D55-AA40-F9880CEB61F0}
		{EB1E7FED-74F3-4E06-90C6-E3BB193FF83A} = {B22B8FEC-3D43-4EFA-B198-0D8EADBFB0D2}
		{AA6975CE-88E1-4D55-AA40-F9880CEB61F0} = {5052BF6E-2B11-4278-8FC8-C35FBCA240EF}
		{FC3A186F-299A-49D1-96E2-F761BDEA3682} = {5052BF6E-2B11-4278-8FC8-C35FBCA240EF}
		{28309CE3-A31E-4668-B035-04EA6FF5BB26} = {FC3A186F-299A-49D1-96E2-F761BDEA3682}
		{1A78C8B8-45EB-4A7A-AEE0-936E60B7E06D} = {FC3A186F-299A-49D1-96E2-F761BDEA3682}
		{97518401-C08A-494C-9024-203703397A37} = {FC3A186F-299A-49D1-96E2-F761BDEA3682}
		{517E5BB0-2FF8-4582-A80B-33D91B464551} = {B22B8FEC-3D43-4EFA-B198-0D8EADBFB0D2}
		{FEA048C8-224E-4FBF-8A28-DC8CA46E5792} = {5052BF6E-2B11-4278-8FC8-C35FBCA240EF}
		{1A15F655-8988-4D96-8EAB-0601E673C600} = {FEA048C8-224E-4FBF-8A28-DC8CA46E5792}
		{12F0F9D1-C57C-481A-B9A6-88B878EB1E15} = {FEA048C8-224E-4FBF-8A28-DC8CA46E5792}
		{136D1929-EC18-4848-A371-9463553FBAC2} = {FEA048C8-224E-4FBF-8A28-DC8CA46E5792}
		{29941A6E-533B-4F99-941F-A497F64E6982} = {5052BF6E-2B11-4278-8FC8-C35FBCA240EF}
		{154EB859-99F3-461D-B646-521F74DE15F6} = {29941A6E-533B-4F99-941F-A497F64E6982}
		{AAEB8BF7-C076-4452-9FCF-CF656D33C554} = {797FE663-3D9A-425B-A6C2-B98998AD398F}
		{6BF9A2F1-980D-4359-9017-D3E6C6FF26BF} = {B22B8FEC-3D43-4EFA-B198-0D8EADBFB0D2}
		{5FE66931-130F-4157-89EB-155A38C093B3} = {797FE663-3D9A-425B-A6C2-B98998AD398F}
		{2A50BB6B-6203-492B-A954-D793BAFD8B10} = {797FE663-3D9A-425B-A6C2-B98998AD398F}
		{808B53D9-36CA-4489-AAF4-9B391C04909E} = {797FE663-3D9A-425B-A6C2-B98998AD398F}
		{02CF50DB-2C14-4EF7-81EF-D89B383A231E} = {29941A6E-533B-4F99-941F-A497F64E6982}
		{82982389-7807-411B-A8A6-10C979BD6428} = {29941A6E-533B-4F99-941F-A497F64E6982}
		{0C492F08-7950-40C4-8977-6046AA6D6C6C} = {5052BF6E-2B11-4278-8FC8-C35FBCA240EF}
		{52C70BE9-E3B9-406F-8FFD-36C66E819D33} = {B22B8FEC-3D43-4EFA-B198-0D8EADBFB0D2}
		{7F82CC2A-F7E7-4354-8E8F-51FF32DF518A} = {5052BF6E-2B11-4278-8FC8-C35FBCA240EF}
		{16F4D2F2-E6C9-462C-93F4-8DEB7E104C0A} = {B22B8FEC-3D43-4EFA-B198-0D8EADBFB0D2}
	EndGlobalSection
	GlobalSection(ExtensibilityGlobals) = postSolution
		SolutionGuid = {9CB9B0C3-BCE7-4E86-84BC-7FDA82CAF8AD}
	EndGlobalSection
EndGlobal
